[[external_source]]
id = "fkst-packages-platform"
git = "https://github.com/ChronoAIProject/fkst-packages.git"

[external_source.intent]
rev = "fa0c8fa6b2f94d3f802743f0fcc0eaca88bea87e"

[external_source.resolved]
rev = "fa0c8fa6b2f94d3f802743f0fcc0eaca88bea87e"
tree_sha256 = "sha256-de32dc3fa75a6c35062e6dbf24a562da727bdc8e69f4f97f53bc06c4da9d06e7"

[[external_source.libraries]]
name = "contract"
unit = "libraries/contract"
exports_sha256 = "sha256-44e6741f83acf7a6387b29fd324dd3517759a021eb8f85556a7223421fa3c5fc"

[[external_source.libraries]]
name = "workflow"
unit = "libraries/workflow"
exports_sha256 = "sha256-a98aaf7a7bbc61f88c43acbd45eac86117a45c0458cd2bf9ef889ad1052dbe48"

[[external_source.libraries]]
name = "testkit"
unit = "libraries/testkit"
exports_sha256 = "sha256-98e8039b05032cc845ade5d1d85401734c2fb5119adcb9e38137dfeee00c8859"
