[[external_source]]
id = "fkst-packages-platform"
git = "https://github.com/ChronoAIProject/fkst-packages.git"

[external_source.intent]
rev = "78df54c7aea31fdcbb0753184882f0bbaf91199c"

[external_source.resolved]
rev = "78df54c7aea31fdcbb0753184882f0bbaf91199c"
tree_sha256 = "sha256-0a8a915154dbec1cf1b406aacc0ff0194158876773479c44ffdb11c8fe6a9dfb"

[[external_source.libraries]]
name = "contract"
unit = "libraries/contract"
exports_sha256 = "sha256-1795f634443d1566f29593dc88364467db1106076d65073eb8fade0617cdec6c"

[[external_source.libraries]]
name = "workflow"
unit = "libraries/workflow"
exports_sha256 = "sha256-5d7ab52aa1a2d9f348ff4bf077c3bfb2042916361939e34b7e0f600980dee2b0"

[[external_source.libraries]]
name = "testkit"
unit = "libraries/testkit"
exports_sha256 = "sha256-3f780d6457c2366841002bf9004763918d92dfc9c23dbeaba34af8b80fd1018f"
